{
  "nodes": {
    "nixpkgs": {
      "locked": {
        "lastModified": 1784992771,
        "narHash": "sha256-xEE5I69+WNqcs7Z0v5D9xwcHYRbvC8k/fKBmlUBdCp4=",
        "ref": "nixpkgs-unstable",
        "rev": "37bfb33419c6e367e8bb6f44041eaecf953b5236",
        "shallow": true,
        "type": "git",
        "url": "https://mirrors.nju.edu.cn/git/nixpkgs.git"
      },
      "original": {
        "ref": "nixpkgs-unstable",
        "shallow": true,
        "type": "git",
        "url": "https://mirrors.nju.edu.cn/git/nixpkgs.git"
      }
    },
    "root": {
      "inputs": {
        "nixpkgs": "nixpkgs",
        "rust-overlay": "rust-overlay"
      }
    },
    "rust-overlay": {
      "inputs": {
        "nixpkgs": [
          "nixpkgs"
        ]
      },
      "locked": {
        "lastModified": 1785131767,
        "narHash": "sha256-VNbQv2P0zgaNh96mT4LrnX7hdXgiC5nBH+uvyrrVX7U=",
        "owner": "oxalica",
        "repo": "rust-overlay",
        "rev": "c67ce00525464a710971351c183ce67acb6ca827",
        "type": "github"
      },
      "original": {
        "owner": "oxalica",
        "repo": "rust-overlay",
        "type": "github"
      }
    }
  },
  "root": "root",
  "version": 7
}
